
Microsoft Visual Studio Solution File, Format Version 12.00
# Visual Studio Version 16
VisualStudioVersion = 16.0.30114.105
MinimumVisualStudioVersion = 10.0.40219.1
Project("{FAE04EC0-301F-11D3-BF4B-00C04F79EFBC}") = "R5T.Maoursi.Bulgaria", "R5T.Maoursi.Bulgaria\R5T.Maoursi.Bulgaria.csproj", "{60891F58-F1F7-47C1-88E9-B2B8C91C131D}"
EndProject
Project("{FAE04EC0-301F-11D3-BF4B-00C04F79EFBC}") = "R5T.Maoursi.Bulgaria.Construction", "R5T.Maoursi.Bulgaria.Construction\R5T.Maoursi.Bulgaria.Construction.csproj", "{C33C72B8-EC4F-4669-9114-AF3FD73FB85B}"
EndProject
Project("{FAE04EC0-301F-11D3-BF4B-00C04F79EFBC}") = "R5T.Maoursi.Bulgaria.Testing", "R5T.Maoursi.Bulgaria.Testing\R5T.Maoursi.Bulgaria.Testing.csproj", "{EF381C4B-D1C9-49E2-9605-7A5E2C994BF5}"
EndProject
Project("{2150E333-8FDC-42A3-9474-1A3956D46DE8}") = "_Dependencies", "_Dependencies", "{CC483F99-CC96-4578-A72C-D896091FFC49}"
EndProject
Project("{FAE04EC0-301F-11D3-BF4B-00C04F79EFBC}") = "R5T.T0064", "..\..\R5T.T0064\source\R5T.T0064\R5T.T0064.csproj", "{406D9C21-09EF-4238-81B6-7CD828C35A41}"
EndProject
Global
	GlobalSection(SolutionConfigurationPlatforms) = preSolution
		Debug|Any CPU = Debug|Any CPU
		Debug|x64 = Debug|x64
		Debug|x86 = Debug|x86
		Release|Any CPU = Release|Any CPU
		Release|x64 = Release|x64
		Release|x86 = Release|x86
	EndGlobalSection
	GlobalSection(SolutionProperties) = preSolution
		HideSolutionNode = FALSE
	EndGlobalSection
	GlobalSection(ProjectConfigurationPlatforms) = postSolution
		{60891F58-F1F7-47C1-88E9-B2B8C91C131D}.Debug|Any CPU.ActiveCfg = Debug|Any CPU
		{60891F58-F1F7-47C1-88E9-B2B8C91C131D}.Debug|Any CPU.Build.0 = Debug|Any CPU
		{60891F58-F1F7-47C1-88E9-B2B8C91C131D}.Debug|x64.ActiveCfg = Debug|Any CPU
		{60891F58-F1F7-47C1-88E9-B2B8C91C131D}.Debug|x64.Build.0 = Debug|Any CPU
		{60891F58-F1F7-47C1-88E9-B2B8C91C131D}.Debug|x86.ActiveCfg = Debug|Any CPU
		{60891F58-F1F7-47C1-88E9-B2B8C91C131D}.Debug|x86.Build.0 = Debug|Any CPU
		{60891F58-F1F7-47C1-88E9-B2B8C91C131D}.Release|Any CPU.ActiveCfg = Release|Any CPU
		{60891F58-F1F7-47C1-88E9-B2B8C91C131D}.Release|Any CPU.Build.0 = Release|Any CPU
		{60891F58-F1F7-47C1-88E9-B2B8C91C131D}.Release|x64.ActiveCfg = Release|Any CPU
		{60891F58-F1F7-47C1-88E9-B2B8C91C131D}.Release|x64.Build.0 = Release|Any CPU
		{60891F58-F1F7-47C1-88E9-B2B8C91C131D}.Release|x86.ActiveCfg = Release|Any CPU
		{60891F58-F1F7-47C1-88E9-B2B8C91C131D}.Release|x86.Build.0 = Release|Any CPU
		{C33C72B8-EC4F-4669-9114-AF3FD73FB85B}.Debug|Any CPU.ActiveCfg = Debug|Any CPU
		{C33C72B8-EC4F-4669-9114-AF3FD73FB85B}.Debug|Any CPU.Build.0 = Debug|Any CPU
		{C33C72B8-EC4F-4669-9114-AF3FD73FB85B}.Debug|x64.ActiveCfg = Debug|Any CPU
		{C33C72B8-EC4F-4669-9114-AF3FD73FB85B}.Debug|x64.Build.0 = Debug|Any CPU
		{C33C72B8-EC4F-4669-9114-AF3FD73FB85B}.Debug|x86.ActiveCfg = Debug|Any CPU
		{C33C72B8-EC4F-4669-9114-AF3FD73FB85B}.Debug|x86.Build.0 = Debug|Any CPU
		{C33C72B8-EC4F-4669-9114-AF3FD73FB85B}.Release|Any CPU.ActiveCfg = Release|Any CPU
		{C33C72B8-EC4F-4669-9114-AF3FD73FB85B}.Release|Any CPU.Build.0 = Release|Any CPU
		{C33C72B8-EC4F-4669-9114-AF3FD73FB85B}.Release|x64.ActiveCfg = Release|Any CPU
		{C33C72B8-EC4F-4669-9114-AF3FD73FB85B}.Release|x64.Build.0 = Release|Any CPU
		{C33C72B8-EC4F-4669-9114-AF3FD73FB85B}.Release|x86.ActiveCfg = Release|Any CPU
		{C33C72B8-EC4F-4669-9114-AF3FD73FB85B}.Release|x86.Build.0 = Release|Any CPU
		{EF381C4B-D1C9-49E2-9605-7A5E2C994BF5}.Debug|Any CPU.ActiveCfg = Debug|Any CPU
		{EF381C4B-D1C9-49E2-9605-7A5E2C994BF5}.Debug|Any CPU.Build.0 = Debug|Any CPU
		{EF381C4B-D1C9-49E2-9605-7A5E2C994BF5}.Debug|x64.ActiveCfg = Debug|Any CPU
		{EF381C4B-D1C9-49E2-9605-7A5E2C994BF5}.Debug|x64.Build.0 = Debug|Any CPU
		{EF381C4B-D1C9-49E2-9605-7A5E2C994BF5}.Debug|x86.ActiveCfg = Debug|Any CPU
		{EF381C4B-D1C9-49E2-9605-7A5E2C994BF5}.Debug|x86.Build.0 = Debug|Any CPU
		{EF381C4B-D1C9-49E2-9605-7A5E2C994BF5}.Release|Any CPU.ActiveCfg = Release|Any CPU
		{EF381C4B-D1C9-49E2-9605-7A5E2C994BF5}.Release|Any CPU.Build.0 = Release|Any CPU
		{EF381C4B-D1C9-49E2-9605-7A5E2C994BF5}.Release|x64.ActiveCfg = Release|Any CPU
		{EF381C4B-D1C9-49E2-9605-7A5E2C994BF5}.Release|x64.Build.0 = Release|Any CPU
		{EF381C4B-D1C9-49E2-9605-7A5E2C994BF5}.Release|x86.ActiveCfg = Release|Any CPU
		{EF381C4B-D1C9-49E2-9605-7A5E2C994BF5}.Release|x86.Build.0 = Release|Any CPU
		{406D9C21-09EF-4238-81B6-7CD828C35A41}.Debug|Any CPU.ActiveCfg = Debug|Any CPU
		{406D9C21-09EF-4238-81B6-7CD828C35A41}.Debug|Any CPU.Build.0 = Debug|Any CPU
		{406D9C21-09EF-4238-81B6-7CD828C35A41}.Debug|x64.ActiveCfg = Debug|Any CPU
		{406D9C21-09EF-4238-81B6-7CD828C35A41}.Debug|x64.Build.0 = Debug|Any CPU
		{406D9C21-09EF-4238-81B6-7CD828C35A41}.Debug|x86.ActiveCfg = Debug|Any CPU
		{406D9C21-09EF-4238-81B6-7CD828C35A41}.Debug|x86.Build.0 = Debug|Any CPU
		{406D9C21-09EF-4238-81B6-7CD828C35A41}.Release|Any CPU.ActiveCfg = Release|Any CPU
		{406D9C21-09EF-4238-81B6-7CD828C35A41}.Release|Any CPU.Build.0 = Release|Any CPU
		{406D9C21-09EF-4238-81B6-7CD828C35A41}.Release|x64.ActiveCfg = Release|Any CPU
		{406D9C21-09EF-4238-81B6-7CD828C35A41}.Release|x64.Build.0 = Release|Any CPU
		{406D9C21-09EF-4238-81B6-7CD828C35A41}.Release|x86.ActiveCfg = Release|Any CPU
		{406D9C21-09EF-4238-81B6-7CD828C35A41}.Release|x86.Build.0 = Release|Any CPU
	EndGlobalSection
	GlobalSection(NestedProjects) = preSolution
		{406D9C21-09EF-4238-81B6-7CD828C35A41} = {CC483F99-CC96-4578-A72C-D896091FFC49}
	EndGlobalSection
EndGlobal
